
Microsoft Visual Studio Solution File, Format Version 12.00
# Visual Studio 14
VisualStudioVersion = 14.0.25420.1
MinimumVisualStudioVersion = 10.0.40219.1
Project("{FAE04EC0-301F-11D3-BF4B-00C04F79EFBC}") = "NDynamicCompile", "NDynamicCompile\NDynamicCompile.csproj", "{D5AD7C3F-0049-4BEA-A877-2EC5B75230E0}"
EndProject
Project("{FAE04EC0-301F-11D3-BF4B-00C04F79EFBC}") = "NDynamicCompile.Sample", "NDynamicCompile.Sample\NDynamicCompile.Sample.csproj", "{2DAC6212-5EB2-4FEF-9004-95732FA0E9E7}"
EndProject
Global
	GlobalSection(SolutionConfigurationPlatforms) = preSolution
		Debug|Any CPU = Debug|Any CPU
		Release|Any CPU = Release|Any CPU
	EndGlobalSection
	GlobalSection(ProjectConfigurationPlatforms) = postSolution
		{D5AD7C3F-0049-4BEA-A877-2EC5B75230E0}.Debug|Any CPU.ActiveCfg = Debug|Any CPU
		{D5AD7C3F-0049-4BEA-A877-2EC5B75230E0}.Debug|Any CPU.Build.0 = Debug|Any CPU
		{D5AD7C3F-0049-4BEA-A877-2EC5B75230E0}.Release|Any CPU.ActiveCfg = Release|Any CPU
		{D5AD7C3F-0049-4BEA-A877-2EC5B75230E0}.Release|Any CPU.Build.0 = Release|Any CPU
		{2DAC6212-5EB2-4FEF-9004-95732FA0E9E7}.Debug|Any CPU.ActiveCfg = Debug|Any CPU
		{2DAC6212-5EB2-4FEF-9004-95732FA0E9E7}.Debug|Any CPU.Build.0 = Debug|Any CPU
		{2DAC6212-5EB2-4FEF-9004-95732FA0E9E7}.Release|Any CPU.ActiveCfg = Release|Any CPU
		{2DAC6212-5EB2-4FEF-9004-95732FA0E9E7}.Release|Any CPU.Build.0 = Release|Any CPU
	EndGlobalSection
	GlobalSection(SolutionProperties) = preSolution
		HideSolutionNode = FALSE
	EndGlobalSection
EndGlobal
